
Microsoft Visual Studio Solution File, Format Version 12.00
# Visual Studio Version 17
VisualStudioVersion = 17.8.34330.188
MinimumVisualStudioVersion = 10.0.40219.1
Project("{FAE04EC0-301F-11D3-BF4B-00C04F79EFBC}") = "Bridge", "Bridge\Bridge.csproj", "{E2937878-2391-40B3-ADE2-DBA6DE93D389}"
EndProject
Global
	GlobalSection(SolutionConfigurationPlatforms) = preSolution
		Debug|Any CPU = Debug|Any CPU
		Release|Any CPU = Release|Any CPU
	EndGlobalSection
	GlobalSection(ProjectConfigurationPlatforms) = postSolution
		{E2937878-2391-40B3-ADE2-DBA6DE93D389}.Debug|Any CPU.ActiveCfg = Debug|Any CPU
		{E2937878-2391-40B3-ADE2-DBA6DE93D389}.Debug|Any CPU.Build.0 = Debug|Any CPU
		{E2937878-2391-40B3-ADE2-DBA6DE93D389}.Release|Any CPU.ActiveCfg = Release|Any CPU
		{E2937878-2391-40B3-ADE2-DBA6DE93D389}.Release|Any CPU.Build.0 = Release|Any CPU
	EndGlobalSection
	GlobalSection(SolutionProperties) = preSolution
		HideSolutionNode = FALSE
	EndGlobalSection
	GlobalSection(ExtensibilityGlobals) = postSolution
		SolutionGuid = {874334B9-5BAF-49A2-AA64-4B345CFE5CF1}
	EndGlobalSection
EndGlobal
